
Microsoft Visual Studio Solution File, Format Version 12.00
# Visual Studio Version 16
VisualStudioVersion = 25.0.1706.14
MinimumVisualStudioVersion = 10.0.40219.1
Project("{FAE04EC0-301F-11D3-BF4B-00C04F79EFBC}") = "URLShortening.API", "URLShortening.API\URLShortening.API.csproj", "{8AC2DDC1-1B30-4887-AAA9-243881446897}"
EndProject
Project("{FAE04EC0-301F-11D3-BF4B-00C04F79EFBC}") = "URLShortening.Application", "URLShortening.Application\URLShortening.Application.csproj", "{9872C4BA-EEBD-4CC3-AE31-141700D2898B}"
EndProject
Project("{FAE04EC0-301F-11D3-BF4B-00C04F79EFBC}") = "URLShortening.Domain", "URLShortening.Domain\URLShortening.Domain.csproj", "{E7E808F3-A4C9-49EF-81BE-008792CA8AEB}"
EndProject
Project("{FAE04EC0-301F-11D3-BF4B-00C04F79EFBC}") = "URLShortening.Infrastructure", "URLShortening.Infrastructure\URLShortening.Infrastructure.csproj", "{48DCAC00-1C59-4090-ABE4-1424ACDDDE58}"
EndProject
Project("{2150E333-8FDC-42A3-9474-1A3956D46DE8}") = "Solution Items", "Solution Items", "{73034905-BD3D-446C-9F32-CD42B3AB07CA}"
	ProjectSection(SolutionItems) = preProject
		docker-compose.yml = docker-compose.yml
		url-shortening-db.sql = url-shortening-db.sql
		Readme.md = Readme.md
	EndProjectSection
EndProject
Global
	GlobalSection(SolutionConfigurationPlatforms) = preSolution
		Debug|Any CPU = Debug|Any CPU
		Release|Any CPU = Release|Any CPU
	EndGlobalSection
	GlobalSection(ProjectConfigurationPlatforms) = postSolution
		{8AC2DDC1-1B30-4887-AAA9-243881446897}.Debug|Any CPU.ActiveCfg = Debug|Any CPU
		{8AC2DDC1-1B30-4887-AAA9-243881446897}.Debug|Any CPU.Build.0 = Debug|Any CPU
		{8AC2DDC1-1B30-4887-AAA9-243881446897}.Release|Any CPU.ActiveCfg = Release|Any CPU
		{8AC2DDC1-1B30-4887-AAA9-243881446897}.Release|Any CPU.Build.0 = Release|Any CPU
		{9872C4BA-EEBD-4CC3-AE31-141700D2898B}.Debug|Any CPU.ActiveCfg = Debug|Any CPU
		{9872C4BA-EEBD-4CC3-AE31-141700D2898B}.Debug|Any CPU.Build.0 = Debug|Any CPU
		{9872C4BA-EEBD-4CC3-AE31-141700D2898B}.Release|Any CPU.ActiveCfg = Release|Any CPU
		{9872C4BA-EEBD-4CC3-AE31-141700D2898B}.Release|Any CPU.Build.0 = Release|Any CPU
		{E7E808F3-A4C9-49EF-81BE-008792CA8AEB}.Debug|Any CPU.ActiveCfg = Debug|Any CPU
		{E7E808F3-A4C9-49EF-81BE-008792CA8AEB}.Debug|Any CPU.Build.0 = Debug|Any CPU
		{E7E808F3-A4C9-49EF-81BE-008792CA8AEB}.Release|Any CPU.ActiveCfg = Release|Any CPU
		{E7E808F3-A4C9-49EF-81BE-008792CA8AEB}.Release|Any CPU.Build.0 = Release|Any CPU
		{48DCAC00-1C59-4090-ABE4-1424ACDDDE58}.Debug|Any CPU.ActiveCfg = Debug|Any CPU
		{48DCAC00-1C59-4090-ABE4-1424ACDDDE58}.Debug|Any CPU.Build.0 = Debug|Any CPU
		{48DCAC00-1C59-4090-ABE4-1424ACDDDE58}.Release|Any CPU.ActiveCfg = Release|Any CPU
		{48DCAC00-1C59-4090-ABE4-1424ACDDDE58}.Release|Any CPU.Build.0 = Release|Any CPU
	EndGlobalSection
	GlobalSection(SolutionProperties) = preSolution
		HideSolutionNode = FALSE
	EndGlobalSection
	GlobalSection(ExtensibilityGlobals) = postSolution
		SolutionGuid = {DDA839C0-3936-447D-96CC-4DF0EDA49F1F}
	EndGlobalSection
EndGlobal
